
Microsoft Visual Studio Solution File, Format Version 12.00
# Visual Studio Version 17
VisualStudioVersion = 17.13.35919.96 d17.13
MinimumVisualStudioVersion = 10.0.40219.1
Project("{FAE04EC0-301F-11D3-BF4B-00C04F79EFBC}") = "SwaggerUI", "SwaggerUI.csproj", "{7E1FE825-1CAB-4C24-8974-33D87129005C}"
EndProject
Global
	GlobalSection(SolutionConfigurationPlatforms) = preSolution
		Debug|Any CPU = Debug|Any CPU
		Release|Any CPU = Release|Any CPU
	EndGlobalSection
	GlobalSection(ProjectConfigurationPlatforms) = postSolution
		{7E1FE825-1CAB-4C24-8974-33D87129005C}.Debug|Any CPU.ActiveCfg = Debug|Any CPU
		{7E1FE825-1CAB-4C24-8974-33D87129005C}.Debug|Any CPU.Build.0 = Debug|Any CPU
		{7E1FE825-1CAB-4C24-8974-33D87129005C}.Release|Any CPU.ActiveCfg = Release|Any CPU
		{7E1FE825-1CAB-4C24-8974-33D87129005C}.Release|Any CPU.Build.0 = Release|Any CPU
	EndGlobalSection
	GlobalSection(SolutionProperties) = preSolution
		HideSolutionNode = FALSE
	EndGlobalSection
	GlobalSection(ExtensibilityGlobals) = postSolution
		SolutionGuid = {AC66DC0F-C317-46A8-BA43-D46B273FB36A}
	EndGlobalSection
EndGlobal
